// !$*UTF8*$!
{
	archiveVersion = 1;
	classes = {
	};
	objectVersion = 48;
	objects = {

/* Begin PBXBuildFile section */
		B576D7491F91420800D7CBB8 /* AppDelegate.swift in Sources */ = {isa = PBXBuildFile; fileRef = B576D7481F91420800D7CBB8 /* AppDelegate.swift */; };
		B576D74B1F91420800D7CBB8 /* ViewController.swift in Sources */ = {isa = PBXBuildFile; fileRef = B576D74A1F91420800D7CBB8 /* ViewController.swift */; };
		B576D74E1F91420800D7CBB8 /* Main.storyboard in Resources */ = {isa = PBXBuildFile; fileRef = B576D74C1F91420800D7CBB8 /* Main.storyboard */; };
		B576D7501F91420800D7CBB8 /* Assets.xcassets in Resources */ = {isa = PBXBuildFile; fileRef = B576D74F1F91420800D7CBB8 /* Assets.xcassets */; };
		B576D7531F91420800D7CBB8 /* LaunchScreen.storyboard in Resources */ = {isa = PBXBuildFile; fileRef = B576D7511F91420800D7CBB8 /* LaunchScreen.storyboard */; };
		B576D75E1F91420800D7CBB8 /* DH5RTCTests.swift in Sources */ = {isa = PBXBuildFile; fileRef = B576D75D1F91420800D7CBB8 /* DH5RTCTests.swift */; };
		B576D7691F91420800D7CBB8 /* DH5RTCUITests.swift in Sources */ = {isa = PBXBuildFile; fileRef = B576D7681F91420800D7CBB8 /* DH5RTCUITests.swift */; };
/* End PBXBuildFile section */

/* Begin PBXContainerItemProxy section */
		B576D75A1F91420800D7CBB8 /* PBXContainerItemProxy */ = {
			isa = PBXContainerItemProxy;
			containerPortal = B576D73D1F91420800D7CBB8 /* Project object */;
			proxyType = 1;
			remoteGlobalIDString = B576D7441F91420800D7CBB8;
			remoteInfo = DH5RTC;
		};
		B576D7651F91420800D7CBB8 /* PBXContainerItemProxy */ = {
			isa = PBXContainerItemProxy;
			containerPortal = B576D73D1F91420800D7CBB8 /* Project object */;
			proxyType = 1;
			remoteGlobalIDString = B576D7441F91420800D7CBB8;
			remoteInfo = DH5RTC;
		};
/* End PBXContainerItemProxy section */

/* Begin PBXFileReference section */
		B576D7451F91420800D7CBB8 /* DH5RTC.app */ = {isa = PBXFileReference; explicitFileType = wrapper.application; includeInIndex = 0; path = DH5RTC.app; sourceTree = BUILT_PRODUCTS_DIR; };
		B576D7481F91420800D7CBB8 /* AppDelegate.swift */ = {isa = PBXFileReference; lastKnownFileType = sourcecode.swift; path = AppDelegate.swift; sourceTree = "<group>"; };
		B576D74A1F91420800D7CBB8 /* ViewController.swift */ = {isa = PBXFileReference; lastKnownFileType = sourcecode.swift; path = ViewController.swift; sourceTree = "<group>"; };
		B576D74D1F91420800D7CBB8 /* Base */ = {isa = PBXFileReference; lastKnownFileType = file.storyboard; name = Base; path = Base.lproj/Main.storyboard; sourceTree = "<group>"; };
		B576D74F1F91420800D7CBB8 /* Assets.xcassets */ = {isa = PBXFileReference; lastKnownFileType = folder.assetcatalog; path = Assets.xcassets; sourceTree = "<group>"; };
		B576D7521F91420800D7CBB8 /* Base */ = {isa = PBXFileReference; lastKnownFileType = file.storyboard; name = Base; path = Base.lproj/LaunchScreen.storyboard; sourceTree = "<group>"; };
		B576D7541F91420800D7CBB8 /* Info.plist */ = {isa = PBXFileReference; lastKnownFileType = text.plist.xml; path = Info.plist; sourceTree = "<group>"; };
		B576D7591F91420800D7CBB8 /* DH5RTCTests.xctest */ = {isa = PBXFileReference; explicitFileType = wrapper.cfbundle; includeInIndex = 0; path = DH5RTCTests.xctest; sourceTree = BUILT_PRODUCTS_DIR; };
		B576D75D1F91420800D7CBB8 /* DH5RTCTests.swift */ = {isa = PBXFileReference; lastKnownFileType = sourcecode.swift; path = DH5RTCTests.swift; sourceTree = "<group>"; };
		B576D75F1F91420800D7CBB8 /* Info.plist */ = {isa = PBXFileReference; lastKnownFileType = text.plist.xml; path = Info.plist; sourceTree = "<group>"; };
		B576D7641F91420800D7CBB8 /* DH5RTCUITests.xctest */ = {isa = PBXFileReference; explicitFileType = wrapper.cfbundle; includeInIndex = 0; path = DH5RTCUITests.xctest; sourceTree = BUILT_PRODUCTS_DIR; };
		B576D7681F91420800D7CBB8 /* DH5RTCUITests.swift */ = {isa = PBXFileReference; lastKnownFileType = sourcecode.swift; path = DH5RTCUITests.swift; sourceTree = "<group>"; };
		B576D76A1F91420800D7CBB8 /* Info.plist */ = {isa = PBXFileReference; lastKnownFileType = text.plist.xml; path = Info.plist; sourceTree = "<group>"; };
		B576D7761F915A5F00D7CBB8 /* BridgeHeaderFile.h */ = {isa = PBXFileReference; lastKnownFileType = sourcecode.c.h; path = BridgeHeaderFile.h; sourceTree = "<group>"; };
/* End PBXFileReference section */

/* Begin PBXFrameworksBuildPhase section */
		B576D7421F91420800D7CBB8 /* Frameworks */ = {
			isa = PBXFrameworksBuildPhase;
			buildActionMask = 2147483647;
			files = (
			);
			runOnlyForDeploymentPostprocessing = 0;
		};
		B576D7561F91420800D7CBB8 /* Frameworks */ = {
			isa = PBXFrameworksBuildPhase;
			buildActionMask = 2147483647;
			files = (
			);
			runOnlyForDeploymentPostprocessing = 0;
		};
		B576D7611F91420800D7CBB8 /* Frameworks */ = {
			isa = PBXFrameworksBuildPhase;
			buildActionMask = 2147483647;
			files = (
			);
			runOnlyForDeploymentPostprocessing = 0;
		};
/* End PBXFrameworksBuildPhase section */

/* Begin PBXGroup section */
		B576D73C1F91420800D7CBB8 = {
			isa = PBXGroup;
			children = (
				B576D7471F91420800D7CBB8 /* DH5RTC */,
				B576D75C1F91420800D7CBB8 /* DH5RTCTests */,
				B576D7671F91420800D7CBB8 /* DH5RTCUITests */,
				B576D7461F91420800D7CBB8 /* Products */,
			);
			sourceTree = "<group>";
		};
		B576D7461F91420800D7CBB8 /* Products */ = {
			isa = PBXGroup;
			children = (
				B576D7451F91420800D7CBB8 /* DH5RTC.app */,
				B576D7591F91420800D7CBB8 /* DH5RTCTests.xctest */,
				B576D7641F91420800D7CBB8 /* DH5RTCUITests.xctest */,
			);
			name = Products;
			sourceTree = "<group>";
		};
		B576D7471F91420800D7CBB8 /* DH5RTC */ = {
			isa = PBXGroup;
			children = (
				B576D7481F91420800D7CBB8 /* AppDelegate.swift */,
				B576D74A1F91420800D7CBB8 /* ViewController.swift */,
				B576D74C1F91420800D7CBB8 /* Main.storyboard */,
				B576D74F1F91420800D7CBB8 /* Assets.xcassets */,
				B576D7511F91420800D7CBB8 /* LaunchScreen.storyboard */,
				B576D7541F91420800D7CBB8 /* Info.plist */,
				B576D7761F915A5F00D7CBB8 /* BridgeHeaderFile.h */,
			);
			path = DH5RTC;
			sourceTree = "<group>";
		};
		B576D75C1F91420800D7CBB8 /* DH5RTCTests */ = {
			isa = PBXGroup;
			children = (
				B576D75D1F91420800D7CBB8 /* DH5RTCTests.swift */,
				B576D75F1F91420800D7CBB8 /* Info.plist */,
			);
			path = DH5RTCTests;
			sourceTree = "<group>";
		};
		B576D7671F91420800D7CBB8 /* DH5RTCUITests */ = {
			isa = PBXGroup;
			children = (
				B576D7681F91420800D7CBB8 /* DH5RTCUITests.swift */,
				B576D76A1F91420800D7CBB8 /* Info.plist */,
			);
			path = DH5RTCUITests;
			sourceTree = "<group>";
		};
/* End PBXGroup section */

/* Begin PBXNativeTarget section */
		B576D7441F91420800D7CBB8 /* DH5RTC */ = {
			isa = PBXNativeTarget;
			buildConfigurationList = B576D76D1F91420800D7CBB8 /* Build configuration list for PBXNativeTarget "DH5RTC" */;
			buildPhases = (
				B576D7411F91420800D7CBB8 /* Sources */,
				B576D7421F91420800D7CBB8 /* Frameworks */,
				B576D7431F91420800D7CBB8 /* Resources */,
			);
			buildRules = (
			);
			dependencies = (
			);
			name = DH5RTC;
			productName = DH5RTC;
			productReference = B576D7451F91420800D7CBB8 /* DH5RTC.app */;
			productType = "com.apple.product-type.application";
		};
		B576D7581F91420800D7CBB8 /* DH5RTCTests */ = {
			isa = PBXNativeTarget;
			buildConfigurationList = B576D7701F91420800D7CBB8 /* Build configuration list for PBXNativeTarget "DH5RTCTests" */;
			buildPhases = (
				B576D7551F91420800D7CBB8 /* Sources */,
				B576D7561F91420800D7CBB8 /* Frameworks */,
				B576D7571F91420800D7CBB8 /* Resources */,
			);
			buildRules = (
			);
			dependencies = (
				B576D75B1F91420800D7CBB8 /* PBXTargetDependency */,
			);
			name = DH5RTCTests;
			productName = DH5RTCTests;
			productReference = B576D7591F91420800D7CBB8 /* DH5RTCTests.xctest */;
			productType = "com.apple.product-type.bundle.unit-test";
		};
		B576D7631F91420800D7CBB8 /* DH5RTCUITests */ = {
			isa = PBXNativeTarget;
			buildConfigurationList = B576D7731F91420800D7CBB8 /* Build configuration list for PBXNativeTarget "DH5RTCUITests" */;
			buildPhases = (
				B576D7601F91420800D7CBB8 /* Sources */,
				B576D7611F91420800D7CBB8 /* Frameworks */,
				B576D7621F91420800D7CBB8 /* Resources */,
			);
			buildRules = (
			);
			dependencies = (
				B576D7661F91420800D7CBB8 /* PBXTargetDependency */,
			);
			name = DH5RTCUITests;
			productName = DH5RTCUITests;
			productReference = B576D7641F91420800D7CBB8 /* DH5RTCUITests.xctest */;
			productType = "com.apple.product-type.bundle.ui-testing";
		};
/* End PBXNativeTarget section */

/* Begin PBXProject section */
		B576D73D1F91420800D7CBB8 /* Project object */ = {
			isa = PBXProject;
			attributes = {
				LastSwiftUpdateCheck = 0900;
				LastUpgradeCheck = 0900;
				ORGANIZATIONNAME = "Gift Drop Design";
				TargetAttributes = {
					B576D7441F91420800D7CBB8 = {
						CreatedOnToolsVersion = 9.0;
						ProvisioningStyle = Automatic;
					};
					B576D7581F91420800D7CBB8 = {
						CreatedOnToolsVersion = 9.0;
						ProvisioningStyle = Automatic;
						TestTargetID = B576D7441F91420800D7CBB8;
					};
					B576D7631F91420800D7CBB8 = {
						CreatedOnToolsVersion = 9.0;
						ProvisioningStyle = Automatic;
						TestTargetID = B576D7441F91420800D7CBB8;
					};
				};
			};
			buildConfigurationList = B576D7401F91420800D7CBB8 /* Build configuration list for PBXProject "DH5RTC" */;
			compatibilityVersion = "Xcode 8.0";
			developmentRegion = en;
			hasScannedForEncodings = 0;
			knownRegions = (
				en,
				Base,
			);
			mainGroup = B576D73C1F91420800D7CBB8;
			productRefGroup = B576D7461F91420800D7CBB8 /* Products */;
			projectDirPath = "";
			projectRoot = "";
			targets = (
				B576D7441F91420800D7CBB8 /* DH5RTC */,
				B576D7581F91420800D7CBB8 /* DH5RTCTests */,
				B576D7631F91420800D7CBB8 /* DH5RTCUITests */,
			);
		};
/* End PBXProject section */

/* Begin PBXResourcesBuildPhase section */
		B576D7431F91420800D7CBB8 /* Resources */ = {
			isa = PBXResourcesBuildPhase;
			buildActionMask = 2147483647;
			files = (
				B576D7531F91420800D7CBB8 /* LaunchScreen.storyboard in Resources */,
				B576D7501F91420800D7CBB8 /* Assets.xcassets in Resources */,
				B576D74E1F91420800D7CBB8 /* Main.storyboard in Resources */,
			);
			runOnlyForDeploymentPostprocessing = 0;
		};
		B576D7571F91420800D7CBB8 /* Resources */ = {
			isa = PBXResourcesBuildPhase;
			buildActionMask = 2147483647;
			files = (
			);
			runOnlyForDeploymentPostprocessing = 0;
		};
		B576D7621F91420800D7CBB8 /* Resources */ = {
			isa = PBXResourcesBuildPhase;
			buildActionMask = 2147483647;
			files = (
			);
			runOnlyForDeploymentPostprocessing = 0;
		};
/* End PBXResourcesBuildPhase section */

/* Begin PBXSourcesBuildPhase section */
		B576D7411F91420800D7CBB8 /* Sources */ = {
			isa = PBXSourcesBuildPhase;
			buildActionMask = 2147483647;
			files = (
				B576D74B1F91420800D7CBB8 /* ViewController.swift in Sources */,
				B576D7491F91420800D7CBB8 /* AppDelegate.swift in Sources */,
			);
			runOnlyForDeploymentPostprocessing = 0;
		};
		B576D7551F91420800D7CBB8 /* Sources */ = {
			isa = PBXSourcesBuildPhase;
			buildActionMask = 2147483647;
			files = (
				B576D75E1F91420800D7CBB8 /* DH5RTCTests.swift in Sources */,
			);
			runOnlyForDeploymentPostprocessing = 0;
		};
		B576D7601F91420800D7CBB8 /* Sources */ = {
			isa = PBXSourcesBuildPhase;
			buildActionMask = 2147483647;
			files = (
				B576D7691F91420800D7CBB8 /* DH5RTCUITests.swift in Sources */,
			);
			runOnlyForDeploymentPostprocessing = 0;
		};
/* End PBXSourcesBuildPhase section */

/* Begin PBXTargetDependency section */
		B576D75B1F91420800D7CBB8 /* PBXTargetDependency */ = {
			isa = PBXTargetDependency;
			target = B576D7441F91420800D7CBB8 /* DH5RTC */;
			targetProxy = B576D75A1F91420800D7CBB8 /* PBXContainerItemProxy */;
		};
		B576D7661F91420800D7CBB8 /* PBXTargetDependency */ = {
			isa = PBXTargetDependency;
			target = B576D7441F91420800D7CBB8 /* DH5RTC */;
			targetProxy = B576D7651F91420800D7CBB8 /* PBXContainerItemProxy */;
		};
/* End PBXTargetDependency section */

/* Begin PBXVariantGroup section */
		B576D74C1F91420800D7CBB8 /* Main.storyboard */ = {
			isa = PBXVariantGroup;
			children = (
				B576D74D1F91420800D7CBB8 /* Base */,
			);
			name = Main.storyboard;
			sourceTree = "<group>";
		};
		B576D7511F91420800D7CBB8 /* LaunchScreen.storyboard */ = {
			isa = PBXVariantGroup;
			children = (
				B576D7521F91420800D7CBB8 /* Base */,
			);
			name = LaunchScreen.storyboard;
			sourceTree = "<group>";
		};
/* End PBXVariantGroup section */

/* Begin XCBuildConfiguration section */
		B576D76B1F91420800D7CBB8 /* Debug */ = {
			isa = XCBuildConfiguration;
			buildSettings = {
				ALWAYS_SEARCH_USER_PATHS = NO;
				CLANG_ANALYZER_NONNULL = YES;
				CLANG_ANALYZER_NUMBER_OBJECT_CONVERSION = YES_AGGRESSIVE;
				CLANG_CXX_LANGUAGE_STANDARD = "gnu++14";
				CLANG_CXX_LIBRARY = "libc++";
				CLANG_ENABLE_MODULES = YES;
				CLANG_ENABLE_OBJC_ARC = YES;
				CLANG_WARN_BLOCK_CAPTURE_AUTORELEASING = YES;
				CLANG_WARN_BOOL_CONVERSION = YES;
				CLANG_WARN_COMMA = YES;
				CLANG_WARN_CONSTANT_CONVERSION = YES;
				CLANG_WARN_DIRECT_OBJC_ISA_USAGE = YES_ERROR;
				CLANG_WARN_DOCUMENTATION_COMMENTS = YES;
				CLANG_WARN_EMPTY_BODY = YES;
				CLANG_WARN_ENUM_CONVERSION = YES;
				CLANG_WARN_INFINITE_RECURSION = YES;
				CLANG_WARN_INT_CONVERSION = YES;
				CLANG_WARN_NON_LITERAL_NULL_CONVERSION = YES;
				CLANG_WARN_OBJC_LITERAL_CONVERSION = YES;
				CLANG_WARN_OBJC_ROOT_CLASS = YES_ERROR;
				CLANG_WARN_RANGE_LOOP_ANALYSIS = YES;
				CLANG_WARN_STRICT_PROTOTYPES = YES;
				CLANG_WARN_SUSPICIOUS_MOVE = YES;
				CLANG_WARN_UNGUARDED_AVAILABILITY = YES_AGGRESSIVE;
				CLANG_WARN_UNREACHABLE_CODE = YES;
				CLANG_WARN__DUPLICATE_METHOD_MATCH = YES;
				CODE_SIGN_IDENTITY = "iPhone Developer";
				COPY_PHASE_STRIP = NO;
				DEBUG_INFORMATION_FORMAT = dwarf;
				ENABLE_STRICT_OBJC_MSGSEND = YES;
				ENABLE_TESTABILITY = YES;
				GCC_C_LANGUAGE_STANDARD = gnu11;
				GCC_DYNAMIC_NO_PIC = NO;
				GCC_NO_COMMON_BLOCKS = YES;
				GCC_OPTIMIZATION_LEVEL = 0;
				GCC_PREPROCESSOR_DEFINITIONS = (
					"DEBUG=1",
					"$(inherited)",
				);
				GCC_WARN_64_TO_32_BIT_CONVERSION = YES;
				GCC_WARN_ABOUT_RETURN_TYPE = YES_ERROR;
				GCC_WARN_UNDECLARED_SELECTOR = YES;
				GCC_WARN_UNINITIALIZED_AUTOS = YES_AGGRESSIVE;
				GCC_WARN_UNUSED_FUNCTION = YES;
				GCC_WARN_UNUSED_VARIABLE = YES;
				IPHONEOS_DEPLOYMENT_TARGET = 11.0;
				MTL_ENABLE_DEBUG_INFO = YES;
				ONLY_ACTIVE_ARCH = YES;
				SDKROOT = iphoneos;
				SWIFT_ACTIVE_COMPILATION_CONDITIONS = DEBUG;
				SWIFT_OPTIMIZATION_LEVEL = "-Onone";
			};
			name = Debug;
		};
		B576D76C1F91420800D7CBB8 /* Release */ = {
			isa = XCBuildConfiguration;
			buildSettings = {
				ALWAYS_SEARCH_USER_PATHS = NO;
				CLANG_ANALYZER_NONNULL = YES;
				CLANG_ANALYZER_NUMBER_OBJECT_CONVERSION = YES_AGGRESSIVE;
				CLANG_CXX_LANGUAGE_STANDARD = "gnu++14";
				CLANG_CXX_LIBRARY = "libc++";
				CLANG_ENABLE_MODULES = YES;
				CLANG_ENABLE_OBJC_ARC = YES;
				CLANG_WARN_BLOCK_CAPTURE_AUTORELEASING = YES;
				CLANG_WARN_BOOL_CONVERSION = YES;
				CLANG_WARN_COMMA = YES;
				CLANG_WARN_CONSTANT_CONVERSION = YES;
				CLANG_WARN_DIRECT_OBJC_ISA_USAGE = YES_ERROR;
				CLANG_WARN_DOCUMENTATION_COMMENTS = YES;
				CLANG_WARN_EMPTY_BODY = YES;
				CLANG_WARN_ENUM_CONVERSION = YES;
				CLANG_WARN_INFINITE_RECURSION = YES;
				CLANG_WARN_INT_CONVERSION = YES;
				CLANG_WARN_NON_LITERAL_NULL_CONVERSION = YES;
				CLANG_WARN_OBJC_LITERAL_CONVERSION = YES;
				CLANG_WARN_OBJC_ROOT_CLASS = YES_ERROR;
				CLANG_WARN_RANGE_LOOP_ANALYSIS = YES;
				CLANG_WARN_STRICT_PROTOTYPES = YES;
				CLANG_WARN_SUSPICIOUS_MOVE = YES;
				CLANG_WARN_UNGUARDED_AVAILABILITY = YES_AGGRESSIVE;
				CLANG_WARN_UNREACHABLE_CODE = YES;
				CLANG_WARN__DUPLICATE_METHOD_MATCH = YES;
				CODE_SIGN_IDENTITY = "iPhone Developer";
				COPY_PHASE_STRIP = NO;
				DEBUG_INFORMATION_FORMAT = "dwarf-with-dsym";
				ENABLE_NS_ASSERTIONS = NO;
				ENABLE_STRICT_OBJC_MSGSEND = YES;
				GCC_C_LANGUAGE_STANDARD = gnu11;
				GCC_NO_COMMON_BLOCKS = YES;
				GCC_WARN_64_TO_32_BIT_CONVERSION = YES;
				GCC_WARN_ABOUT_RETURN_TYPE = YES_ERROR;
				GCC_WARN_UNDECLARED_SELECTOR = YES;
				GCC_WARN_UNINITIALIZED_AUTOS = YES_AGGRESSIVE;
				GCC_WARN_UNUSED_FUNCTION = YES;
				GCC_WARN_UNUSED_VARIABLE = YES;
				IPHONEOS_DEPLOYMENT_TARGET = 11.0;
				MTL_ENABLE_DEBUG_INFO = NO;
				SDKROOT = iphoneos;
				SWIFT_OPTIMIZATION_LEVEL = "-Owholemodule";
				VALIDATE_PRODUCT = YES;
			};
			name = Release;
		};
		B576D76E1F91420800D7CBB8 /* Debug */ = {
			isa = XCBuildConfiguration;
			buildSettings = {
				ASSETCATALOG_COMPILER_APPICON_NAME = AppIcon;
				CODE_SIGN_STYLE = Automatic;
				DEVELOPMENT_TEAM = E2H56ZH88M;
				INFOPLIST_FILE = DH5RTC/Info.plist;
				LD_RUNPATH_SEARCH_PATHS = "$(inherited) @executable_path/Frameworks";
				PRODUCT_BUNDLE_IDENTIFIER = dsaf.DH5RTC;
				PRODUCT_NAME = "$(TARGET_NAME)";
				SWIFT_OBJC_BRIDGING_HEADER = DH5RTC/BridgeHeaderFile.h;
				SWIFT_VERSION = 4.0;
				TARGETED_DEVICE_FAMILY = "1,2";
			};
			name = Debug;
		};
		B576D76F1F91420800D7CBB8 /* Release */ = {
			isa = XCBuildConfiguration;
			buildSettings = {
				ASSETCATALOG_COMPILER_APPICON_NAME = AppIcon;
				CODE_SIGN_STYLE = Automatic;
				DEVELOPMENT_TEAM = E2H56ZH88M;
				INFOPLIST_FILE = DH5RTC/Info.plist;
				LD_RUNPATH_SEARCH_PATHS = "$(inherited) @executable_path/Frameworks";
				PRODUCT_BUNDLE_IDENTIFIER = dsaf.DH5RTC;
				PRODUCT_NAME = "$(TARGET_NAME)";
				SWIFT_OBJC_BRIDGING_HEADER = DH5RTC/BridgeHeaderFile.h;
				SWIFT_VERSION = 4.0;
				TARGETED_DEVICE_FAMILY = "1,2";
			};
			name = Release;
		};
		B576D7711F91420800D7CBB8 /* Debug */ = {
			isa = XCBuildConfiguration;
			buildSettings = {
				ALWAYS_EMBED_SWIFT_STANDARD_LIBRARIES = YES;
				BUNDLE_LOADER = "$(TEST_HOST)";
				CODE_SIGN_STYLE = Automatic;
				DEVELOPMENT_TEAM = E2H56ZH88M;
				INFOPLIST_FILE = DH5RTCTests/Info.plist;
				LD_RUNPATH_SEARCH_PATHS = "$(inherited) @executable_path/Frameworks @loader_path/Frameworks";
				PRODUCT_BUNDLE_IDENTIFIER = dsaf.DH5RTCTests;
				PRODUCT_NAME = "$(TARGET_NAME)";
				SWIFT_VERSION = 4.0;
				TARGETED_DEVICE_FAMILY = "1,2";
				TEST_HOST = "$(BUILT_PRODUCTS_DIR)/DH5RTC.app/DH5RTC";
			};
			name = Debug;
		};
		B576D7721F91420800D7CBB8 /* Release */ = {
			isa = XCBuildConfiguration;
			buildSettings = {
				ALWAYS_EMBED_SWIFT_STANDARD_LIBRARIES = YES;
				BUNDLE_LOADER = "$(TEST_HOST)";
				CODE_SIGN_STYLE = Automatic;
				DEVELOPMENT_TEAM = E2H56ZH88M;
				INFOPLIST_FILE = DH5RTCTests/Info.plist;
				LD_RUNPATH_SEARCH_PATHS = "$(inherited) @executable_path/Frameworks @loader_path/Frameworks";
				PRODUCT_BUNDLE_IDENTIFIER = dsaf.DH5RTCTests;
				PRODUCT_NAME = "$(TARGET_NAME)";
				SWIFT_VERSION = 4.0;
				TARGETED_DEVICE_FAMILY = "1,2";
				TEST_HOST = "$(BUILT_PRODUCTS_DIR)/DH5RTC.app/DH5RTC";
			};
			name = Release;
		};
		B576D7741F91420800D7CBB8 /* Debug */ = {
			isa = XCBuildConfiguration;
			buildSettings = {
				ALWAYS_EMBED_SWIFT_STANDARD_LIBRARIES = YES;
				CODE_SIGN_STYLE = Automatic;
				DEVELOPMENT_TEAM = E2H56ZH88M;
				INFOPLIST_FILE = DH5RTCUITests/Info.plist;
				LD_RUNPATH_SEARCH_PATHS = "$(inherited) @executable_path/Frameworks @loader_path/Frameworks";
				PRODUCT_BUNDLE_IDENTIFIER = dsaf.DH5RTCUITests;
				PRODUCT_NAME = "$(TARGET_NAME)";
				SWIFT_VERSION = 4.0;
				TARGETED_DEVICE_FAMILY = "1,2";
				TEST_TARGET_NAME = DH5RTC;
			};
			name = Debug;
		};
		B576D7751F91420800D7CBB8 /* Release */ = {
			isa = XCBuildConfiguration;
			buildSettings = {
				ALWAYS_EMBED_SWIFT_STANDARD_LIBRARIES = YES;
				CODE_SIGN_STYLE = Automatic;
				DEVELOPMENT_TEAM = E2H56ZH88M;
				INFOPLIST_FILE = DH5RTCUITests/Info.plist;
				LD_RUNPATH_SEARCH_PATHS = "$(inherited) @executable_path/Frameworks @loader_path/Frameworks";
				PRODUCT_BUNDLE_IDENTIFIER = dsaf.DH5RTCUITests;
				PRODUCT_NAME = "$(TARGET_NAME)";
				SWIFT_VERSION = 4.0;
				TARGETED_DEVICE_FAMILY = "1,2";
				TEST_TARGET_NAME = DH5RTC;
			};
			name = Release;
		};
/* End XCBuildConfiguration section */

/* Begin XCConfigurationList section */
		B576D7401F91420800D7CBB8 /* Build configuration list for PBXProject "DH5RTC" */ = {
			isa = XCConfigurationList;
			buildConfigurations = (
				B576D76B1F91420800D7CBB8 /* Debug */,
				B576D76C1F91420800D7CBB8 /* Release */,
			);
			defaultConfigurationIsVisible = 0;
			defaultConfigurationName = Release;
		};
		B576D76D1F91420800D7CBB8 /* Build configuration list for PBXNativeTarget "DH5RTC" */ = {
			isa = XCConfigurationList;
			buildConfigurations = (
				B576D76E1F91420800D7CBB8 /* Debug */,
				B576D76F1F91420800D7CBB8 /* Release */,
			);
			defaultConfigurationIsVisible = 0;
			defaultConfigurationName = Release;
		};
		B576D7701F91420800D7CBB8 /* Build configuration list for PBXNativeTarget "DH5RTCTests" */ = {
			isa = XCConfigurationList;
			buildConfigurations = (
				B576D7711F91420800D7CBB8 /* Debug */,
				B576D7721F91420800D7CBB8 /* Release */,
			);
			defaultConfigurationIsVisible = 0;
			defaultConfigurationName = Release;
		};
		B576D7731F91420800D7CBB8 /* Build configuration list for PBXNativeTarget "DH5RTCUITests" */ = {
			isa = XCConfigurationList;
			buildConfigurations = (
				B576D7741F91420800D7CBB8 /* Debug */,
				B576D7751F91420800D7CBB8 /* Release */,
			);
			defaultConfigurationIsVisible = 0;
			defaultConfigurationName = Release;
		};
/* End XCConfigurationList section */
	};
	rootObject = B576D73D1F91420800D7CBB8 /* Project object */;
}
