// !$*UTF8*$!
{
	archiveVersion = 1;
	classes = {
	};
	objectVersion = 48;
	objects = {

/* Begin PBXBuildFile section */
		1C0B549667B4645B2086D170 /* Pods_DH5RTCTests.framework in Frameworks */ = {isa = PBXBuildFile; fileRef = 31AF286D7E67CA0E5F22CE64 /* Pods_DH5RTCTests.framework */; };
		41772B26B4FB6B24CD724EE1 /* Pods_DH5RTCUITests.framework in Frameworks */ = {isa = PBXBuildFile; fileRef = 4A2FCE1FA2E47E93AE4B576E /* Pods_DH5RTCUITests.framework */; };
		7C0B792A7AC7B725CB17CF10 /* Pods_DH5RTC.framework in Frameworks */ = {isa = PBXBuildFile; fileRef = DFD6269C97FF28436BF33FD4 /* Pods_DH5RTC.framework */; };
		B576D67F1F8D3B0000D7CBB8 /* AppDelegate.swift in Sources */ = {isa = PBXBuildFile; fileRef = B576D67E1F8D3B0000D7CBB8 /* AppDelegate.swift */; };
		B576D6811F8D3B0000D7CBB8 /* ViewController.swift in Sources */ = {isa = PBXBuildFile; fileRef = B576D6801F8D3B0000D7CBB8 /* ViewController.swift */; };
		B576D6841F8D3B0000D7CBB8 /* Main.storyboard in Resources */ = {isa = PBXBuildFile; fileRef = B576D6821F8D3B0000D7CBB8 /* Main.storyboard */; };
		B576D6861F8D3B0000D7CBB8 /* Assets.xcassets in Resources */ = {isa = PBXBuildFile; fileRef = B576D6851F8D3B0000D7CBB8 /* Assets.xcassets */; };
		B576D6891F8D3B0000D7CBB8 /* LaunchScreen.storyboard in Resources */ = {isa = PBXBuildFile; fileRef = B576D6871F8D3B0000D7CBB8 /* LaunchScreen.storyboard */; };
		B576D6941F8D3B0000D7CBB8 /* DH5RTCTests.swift in Sources */ = {isa = PBXBuildFile; fileRef = B576D6931F8D3B0000D7CBB8 /* DH5RTCTests.swift */; };
		B576D69F1F8D3B0000D7CBB8 /* DH5RTCUITests.swift in Sources */ = {isa = PBXBuildFile; fileRef = B576D69E1F8D3B0000D7CBB8 /* DH5RTCUITests.swift */; };
/* End PBXBuildFile section */

/* Begin PBXContainerItemProxy section */
		B576D6901F8D3B0000D7CBB8 /* PBXContainerItemProxy */ = {
			isa = PBXContainerItemProxy;
			containerPortal = B576D6731F8D3B0000D7CBB8 /* Project object */;
			proxyType = 1;
			remoteGlobalIDString = B576D67A1F8D3B0000D7CBB8;
			remoteInfo = DH5RTC;
		};
		B576D69B1F8D3B0000D7CBB8 /* PBXContainerItemProxy */ = {
			isa = PBXContainerItemProxy;
			containerPortal = B576D6731F8D3B0000D7CBB8 /* Project object */;
			proxyType = 1;
			remoteGlobalIDString = B576D67A1F8D3B0000D7CBB8;
			remoteInfo = DH5RTC;
		};
/* End PBXContainerItemProxy section */

/* Begin PBXFileReference section */
		31AF286D7E67CA0E5F22CE64 /* Pods_DH5RTCTests.framework */ = {isa = PBXFileReference; explicitFileType = wrapper.framework; includeInIndex = 0; path = Pods_DH5RTCTests.framework; sourceTree = BUILT_PRODUCTS_DIR; };
		3CC8E28AD0960201FE06B901 /* Pods-DH5RTCUITests.release.xcconfig */ = {isa = PBXFileReference; includeInIndex = 1; lastKnownFileType = text.xcconfig; name = "Pods-DH5RTCUITests.release.xcconfig"; path = "Pods/Target Support Files/Pods-DH5RTCUITests/Pods-DH5RTCUITests.release.xcconfig"; sourceTree = "<group>"; };
		4A2FCE1FA2E47E93AE4B576E /* Pods_DH5RTCUITests.framework */ = {isa = PBXFileReference; explicitFileType = wrapper.framework; includeInIndex = 0; path = Pods_DH5RTCUITests.framework; sourceTree = BUILT_PRODUCTS_DIR; };
		A5179C506430B485DC0BCDE7 /* Pods-DH5RTC.debug.xcconfig */ = {isa = PBXFileReference; includeInIndex = 1; lastKnownFileType = text.xcconfig; name = "Pods-DH5RTC.debug.xcconfig"; path = "Pods/Target Support Files/Pods-DH5RTC/Pods-DH5RTC.debug.xcconfig"; sourceTree = "<group>"; };
		A6F91D073DA5CC753BB21C68 /* Pods-DH5RTCTests.release.xcconfig */ = {isa = PBXFileReference; includeInIndex = 1; lastKnownFileType = text.xcconfig; name = "Pods-DH5RTCTests.release.xcconfig"; path = "Pods/Target Support Files/Pods-DH5RTCTests/Pods-DH5RTCTests.release.xcconfig"; sourceTree = "<group>"; };
		ABED2619C3363BF3EDFF0B7D /* Pods-DH5RTC.release.xcconfig */ = {isa = PBXFileReference; includeInIndex = 1; lastKnownFileType = text.xcconfig; name = "Pods-DH5RTC.release.xcconfig"; path = "Pods/Target Support Files/Pods-DH5RTC/Pods-DH5RTC.release.xcconfig"; sourceTree = "<group>"; };
		B04587789A532D296AADF54B /* Pods-DH5RTCUITests.debug.xcconfig */ = {isa = PBXFileReference; includeInIndex = 1; lastKnownFileType = text.xcconfig; name = "Pods-DH5RTCUITests.debug.xcconfig"; path = "Pods/Target Support Files/Pods-DH5RTCUITests/Pods-DH5RTCUITests.debug.xcconfig"; sourceTree = "<group>"; };
		B576D67B1F8D3B0000D7CBB8 /* DH5RTC.app */ = {isa = PBXFileReference; explicitFileType = wrapper.application; includeInIndex = 0; path = DH5RTC.app; sourceTree = BUILT_PRODUCTS_DIR; };
		B576D67E1F8D3B0000D7CBB8 /* AppDelegate.swift */ = {isa = PBXFileReference; lastKnownFileType = sourcecode.swift; path = AppDelegate.swift; sourceTree = "<group>"; };
		B576D6801F8D3B0000D7CBB8 /* ViewController.swift */ = {isa = PBXFileReference; lastKnownFileType = sourcecode.swift; path = ViewController.swift; sourceTree = "<group>"; };
		B576D6831F8D3B0000D7CBB8 /* Base */ = {isa = PBXFileReference; lastKnownFileType = file.storyboard; name = Base; path = Base.lproj/Main.storyboard; sourceTree = "<group>"; };
		B576D6851F8D3B0000D7CBB8 /* Assets.xcassets */ = {isa = PBXFileReference; lastKnownFileType = folder.assetcatalog; path = Assets.xcassets; sourceTree = "<group>"; };
		B576D6881F8D3B0000D7CBB8 /* Base */ = {isa = PBXFileReference; lastKnownFileType = file.storyboard; name = Base; path = Base.lproj/LaunchScreen.storyboard; sourceTree = "<group>"; };
		B576D68A1F8D3B0000D7CBB8 /* Info.plist */ = {isa = PBXFileReference; lastKnownFileType = text.plist.xml; path = Info.plist; sourceTree = "<group>"; };
		B576D68F1F8D3B0000D7CBB8 /* DH5RTCTests.xctest */ = {isa = PBXFileReference; explicitFileType = wrapper.cfbundle; includeInIndex = 0; path = DH5RTCTests.xctest; sourceTree = BUILT_PRODUCTS_DIR; };
		B576D6931F8D3B0000D7CBB8 /* DH5RTCTests.swift */ = {isa = PBXFileReference; lastKnownFileType = sourcecode.swift; path = DH5RTCTests.swift; sourceTree = "<group>"; };
		B576D6951F8D3B0000D7CBB8 /* Info.plist */ = {isa = PBXFileReference; lastKnownFileType = text.plist.xml; path = Info.plist; sourceTree = "<group>"; };
		B576D69A1F8D3B0000D7CBB8 /* DH5RTCUITests.xctest */ = {isa = PBXFileReference; explicitFileType = wrapper.cfbundle; includeInIndex = 0; path = DH5RTCUITests.xctest; sourceTree = BUILT_PRODUCTS_DIR; };
		B576D69E1F8D3B0000D7CBB8 /* DH5RTCUITests.swift */ = {isa = PBXFileReference; lastKnownFileType = sourcecode.swift; path = DH5RTCUITests.swift; sourceTree = "<group>"; };
		B576D6A01F8D3B0000D7CBB8 /* Info.plist */ = {isa = PBXFileReference; lastKnownFileType = text.plist.xml; path = Info.plist; sourceTree = "<group>"; };
		DFD6269C97FF28436BF33FD4 /* Pods_DH5RTC.framework */ = {isa = PBXFileReference; explicitFileType = wrapper.framework; includeInIndex = 0; path = Pods_DH5RTC.framework; sourceTree = BUILT_PRODUCTS_DIR; };
		FD7F5A1AA750C1C4AFBFF416 /* Pods-DH5RTCTests.debug.xcconfig */ = {isa = PBXFileReference; includeInIndex = 1; lastKnownFileType = text.xcconfig; name = "Pods-DH5RTCTests.debug.xcconfig"; path = "Pods/Target Support Files/Pods-DH5RTCTests/Pods-DH5RTCTests.debug.xcconfig"; sourceTree = "<group>"; };
/* End PBXFileReference section */

/* Begin PBXFrameworksBuildPhase section */
		B576D6781F8D3B0000D7CBB8 /* Frameworks */ = {
			isa = PBXFrameworksBuildPhase;
			buildActionMask = 2147483647;
			files = (
				7C0B792A7AC7B725CB17CF10 /* Pods_DH5RTC.framework in Frameworks */,
			);
			runOnlyForDeploymentPostprocessing = 0;
		};
		B576D68C1F8D3B0000D7CBB8 /* Frameworks */ = {
			isa = PBXFrameworksBuildPhase;
			buildActionMask = 2147483647;
			files = (
				1C0B549667B4645B2086D170 /* Pods_DH5RTCTests.framework in Frameworks */,
			);
			runOnlyForDeploymentPostprocessing = 0;
		};
		B576D6971F8D3B0000D7CBB8 /* Frameworks */ = {
			isa = PBXFrameworksBuildPhase;
			buildActionMask = 2147483647;
			files = (
				41772B26B4FB6B24CD724EE1 /* Pods_DH5RTCUITests.framework in Frameworks */,
			);
			runOnlyForDeploymentPostprocessing = 0;
		};
/* End PBXFrameworksBuildPhase section */

/* Begin PBXGroup section */
		B576D6721F8D3B0000D7CBB8 = {
			isa = PBXGroup;
			children = (
				B576D67D1F8D3B0000D7CBB8 /* DH5RTC */,
				B576D6921F8D3B0000D7CBB8 /* DH5RTCTests */,
				B576D69D1F8D3B0000D7CBB8 /* DH5RTCUITests */,
				B576D67C1F8D3B0000D7CBB8 /* Products */,
				C6094AC0313C8952BBB8A554 /* Pods */,
				F58D86036D2B0EBA6F434EBD /* Frameworks */,
			);
			sourceTree = "<group>";
		};
		B576D67C1F8D3B0000D7CBB8 /* Products */ = {
			isa = PBXGroup;
			children = (
				B576D67B1F8D3B0000D7CBB8 /* DH5RTC.app */,
				B576D68F1F8D3B0000D7CBB8 /* DH5RTCTests.xctest */,
				B576D69A1F8D3B0000D7CBB8 /* DH5RTCUITests.xctest */,
			);
			name = Products;
			sourceTree = "<group>";
		};
		B576D67D1F8D3B0000D7CBB8 /* DH5RTC */ = {
			isa = PBXGroup;
			children = (
				B576D67E1F8D3B0000D7CBB8 /* AppDelegate.swift */,
				B576D6801F8D3B0000D7CBB8 /* ViewController.swift */,
				B576D6821F8D3B0000D7CBB8 /* Main.storyboard */,
				B576D6851F8D3B0000D7CBB8 /* Assets.xcassets */,
				B576D6871F8D3B0000D7CBB8 /* LaunchScreen.storyboard */,
				B576D68A1F8D3B0000D7CBB8 /* Info.plist */,
			);
			path = DH5RTC;
			sourceTree = "<group>";
		};
		B576D6921F8D3B0000D7CBB8 /* DH5RTCTests */ = {
			isa = PBXGroup;
			children = (
				B576D6931F8D3B0000D7CBB8 /* DH5RTCTests.swift */,
				B576D6951F8D3B0000D7CBB8 /* Info.plist */,
			);
			path = DH5RTCTests;
			sourceTree = "<group>";
		};
		B576D69D1F8D3B0000D7CBB8 /* DH5RTCUITests */ = {
			isa = PBXGroup;
			children = (
				B576D69E1F8D3B0000D7CBB8 /* DH5RTCUITests.swift */,
				B576D6A01F8D3B0000D7CBB8 /* Info.plist */,
			);
			path = DH5RTCUITests;
			sourceTree = "<group>";
		};
		C6094AC0313C8952BBB8A554 /* Pods */ = {
			isa = PBXGroup;
			children = (
				A5179C506430B485DC0BCDE7 /* Pods-DH5RTC.debug.xcconfig */,
				ABED2619C3363BF3EDFF0B7D /* Pods-DH5RTC.release.xcconfig */,
				FD7F5A1AA750C1C4AFBFF416 /* Pods-DH5RTCTests.debug.xcconfig */,
				A6F91D073DA5CC753BB21C68 /* Pods-DH5RTCTests.release.xcconfig */,
				B04587789A532D296AADF54B /* Pods-DH5RTCUITests.debug.xcconfig */,
				3CC8E28AD0960201FE06B901 /* Pods-DH5RTCUITests.release.xcconfig */,
			);
			name = Pods;
			sourceTree = "<group>";
		};
		F58D86036D2B0EBA6F434EBD /* Frameworks */ = {
			isa = PBXGroup;
			children = (
				DFD6269C97FF28436BF33FD4 /* Pods_DH5RTC.framework */,
				31AF286D7E67CA0E5F22CE64 /* Pods_DH5RTCTests.framework */,
				4A2FCE1FA2E47E93AE4B576E /* Pods_DH5RTCUITests.framework */,
			);
			name = Frameworks;
			sourceTree = "<group>";
		};
/* End PBXGroup section */

/* Begin PBXNativeTarget section */
		B576D67A1F8D3B0000D7CBB8 /* DH5RTC */ = {
			isa = PBXNativeTarget;
			buildConfigurationList = B576D6A31F8D3B0000D7CBB8 /* Build configuration list for PBXNativeTarget "DH5RTC" */;
			buildPhases = (
				4A6184AF8F57EBDEC089C491 /* [CP] Check Pods Manifest.lock */,
				B576D6771F8D3B0000D7CBB8 /* Sources */,
				B576D6781F8D3B0000D7CBB8 /* Frameworks */,
				B576D6791F8D3B0000D7CBB8 /* Resources */,
				1D8E03C8DCB6D0DE3D1C0D32 /* [CP] Embed Pods Frameworks */,
				93F1FEEC87292159D595B219 /* [CP] Copy Pods Resources */,
			);
			buildRules = (
			);
			dependencies = (
			);
			name = DH5RTC;
			productName = DH5RTC;
			productReference = B576D67B1F8D3B0000D7CBB8 /* DH5RTC.app */;
			productType = "com.apple.product-type.application";
		};
		B576D68E1F8D3B0000D7CBB8 /* DH5RTCTests */ = {
			isa = PBXNativeTarget;
			buildConfigurationList = B576D6A61F8D3B0000D7CBB8 /* Build configuration list for PBXNativeTarget "DH5RTCTests" */;
			buildPhases = (
				F4AEB025DF87FFD968C75BC6 /* [CP] Check Pods Manifest.lock */,
				B576D68B1F8D3B0000D7CBB8 /* Sources */,
				B576D68C1F8D3B0000D7CBB8 /* Frameworks */,
				B576D68D1F8D3B0000D7CBB8 /* Resources */,
				61C41A5A95F6A7483F728CFD /* [CP] Embed Pods Frameworks */,
				59AA5CAF917BF5B3E9D23C51 /* [CP] Copy Pods Resources */,
			);
			buildRules = (
			);
			dependencies = (
				B576D6911F8D3B0000D7CBB8 /* PBXTargetDependency */,
			);
			name = DH5RTCTests;
			productName = DH5RTCTests;
			productReference = B576D68F1F8D3B0000D7CBB8 /* DH5RTCTests.xctest */;
			productType = "com.apple.product-type.bundle.unit-test";
		};
		B576D6991F8D3B0000D7CBB8 /* DH5RTCUITests */ = {
			isa = PBXNativeTarget;
			buildConfigurationList = B576D6A91F8D3B0000D7CBB8 /* Build configuration list for PBXNativeTarget "DH5RTCUITests" */;
			buildPhases = (
				A6EF89B322A2A5EAA08997D3 /* [CP] Check Pods Manifest.lock */,
				B576D6961F8D3B0000D7CBB8 /* Sources */,
				B576D6971F8D3B0000D7CBB8 /* Frameworks */,
				B576D6981F8D3B0000D7CBB8 /* Resources */,
				47307E8F34AB29A8D5E19C24 /* [CP] Embed Pods Frameworks */,
				F80B178B86FAC0A3B43CB3D6 /* [CP] Copy Pods Resources */,
			);
			buildRules = (
			);
			dependencies = (
				B576D69C1F8D3B0000D7CBB8 /* PBXTargetDependency */,
			);
			name = DH5RTCUITests;
			productName = DH5RTCUITests;
			productReference = B576D69A1F8D3B0000D7CBB8 /* DH5RTCUITests.xctest */;
			productType = "com.apple.product-type.bundle.ui-testing";
		};
/* End PBXNativeTarget section */

/* Begin PBXProject section */
		B576D6731F8D3B0000D7CBB8 /* Project object */ = {
			isa = PBXProject;
			attributes = {
				LastSwiftUpdateCheck = 0900;
				LastUpgradeCheck = 0900;
				ORGANIZATIONNAME = "Gift Drop Design";
				TargetAttributes = {
					B576D67A1F8D3B0000D7CBB8 = {
						CreatedOnToolsVersion = 9.0;
						ProvisioningStyle = Automatic;
					};
					B576D68E1F8D3B0000D7CBB8 = {
						CreatedOnToolsVersion = 9.0;
						ProvisioningStyle = Automatic;
						TestTargetID = B576D67A1F8D3B0000D7CBB8;
					};
					B576D6991F8D3B0000D7CBB8 = {
						CreatedOnToolsVersion = 9.0;
						ProvisioningStyle = Automatic;
						TestTargetID = B576D67A1F8D3B0000D7CBB8;
					};
				};
			};
			buildConfigurationList = B576D6761F8D3B0000D7CBB8 /* Build configuration list for PBXProject "DH5RTC" */;
			compatibilityVersion = "Xcode 8.0";
			developmentRegion = en;
			hasScannedForEncodings = 0;
			knownRegions = (
				en,
				Base,
			);
			mainGroup = B576D6721F8D3B0000D7CBB8;
			productRefGroup = B576D67C1F8D3B0000D7CBB8 /* Products */;
			projectDirPath = "";
			projectRoot = "";
			targets = (
				B576D67A1F8D3B0000D7CBB8 /* DH5RTC */,
				B576D68E1F8D3B0000D7CBB8 /* DH5RTCTests */,
				B576D6991F8D3B0000D7CBB8 /* DH5RTCUITests */,
			);
		};
/* End PBXProject section */

/* Begin PBXResourcesBuildPhase section */
		B576D6791F8D3B0000D7CBB8 /* Resources */ = {
			isa = PBXResourcesBuildPhase;
			buildActionMask = 2147483647;
			files = (
				B576D6891F8D3B0000D7CBB8 /* LaunchScreen.storyboard in Resources */,
				B576D6861F8D3B0000D7CBB8 /* Assets.xcassets in Resources */,
				B576D6841F8D3B0000D7CBB8 /* Main.storyboard in Resources */,
			);
			runOnlyForDeploymentPostprocessing = 0;
		};
		B576D68D1F8D3B0000D7CBB8 /* Resources */ = {
			isa = PBXResourcesBuildPhase;
			buildActionMask = 2147483647;
			files = (
			);
			runOnlyForDeploymentPostprocessing = 0;
		};
		B576D6981F8D3B0000D7CBB8 /* Resources */ = {
			isa = PBXResourcesBuildPhase;
			buildActionMask = 2147483647;
			files = (
			);
			runOnlyForDeploymentPostprocessing = 0;
		};
/* End PBXResourcesBuildPhase section */

/* Begin PBXShellScriptBuildPhase section */
		1D8E03C8DCB6D0DE3D1C0D32 /* [CP] Embed Pods Frameworks */ = {
			isa = PBXShellScriptBuildPhase;
			buildActionMask = 2147483647;
			files = (
			);
			inputPaths = (
			);
			name = "[CP] Embed Pods Frameworks";
			outputPaths = (
			);
			runOnlyForDeploymentPostprocessing = 0;
			shellPath = /bin/sh;
			shellScript = "\"${SRCROOT}/Pods/Target Support Files/Pods-DH5RTC/Pods-DH5RTC-frameworks.sh\"\n";
			showEnvVarsInLog = 0;
		};
		47307E8F34AB29A8D5E19C24 /* [CP] Embed Pods Frameworks */ = {
			isa = PBXShellScriptBuildPhase;
			buildActionMask = 2147483647;
			files = (
			);
			inputPaths = (
			);
			name = "[CP] Embed Pods Frameworks";
			outputPaths = (
			);
			runOnlyForDeploymentPostprocessing = 0;
			shellPath = /bin/sh;
			shellScript = "\"${SRCROOT}/Pods/Target Support Files/Pods-DH5RTCUITests/Pods-DH5RTCUITests-frameworks.sh\"\n";
			showEnvVarsInLog = 0;
		};
		4A6184AF8F57EBDEC089C491 /* [CP] Check Pods Manifest.lock */ = {
			isa = PBXShellScriptBuildPhase;
			buildActionMask = 2147483647;
			files = (
			);
			inputPaths = (
				"${PODS_PODFILE_DIR_PATH}/Podfile.lock",
				"${PODS_ROOT}/Manifest.lock",
			);
			name = "[CP] Check Pods Manifest.lock";
			outputPaths = (
				"$(DERIVED_FILE_DIR)/Pods-DH5RTC-checkManifestLockResult.txt",
			);
			runOnlyForDeploymentPostprocessing = 0;
			shellPath = /bin/sh;
			shellScript = "diff \"${PODS_PODFILE_DIR_PATH}/Podfile.lock\" \"${PODS_ROOT}/Manifest.lock\" > /dev/null\nif [ $? != 0 ] ; then\n    # print error to STDERR\n    echo \"error: The sandbox is not in sync with the Podfile.lock. Run 'pod install' or update your CocoaPods installation.\" >&2\n    exit 1\nfi\n# This output is used by Xcode 'outputs' to avoid re-running this script phase.\necho \"SUCCESS\" > \"${SCRIPT_OUTPUT_FILE_0}\"\n";
			showEnvVarsInLog = 0;
		};
		59AA5CAF917BF5B3E9D23C51 /* [CP] Copy Pods Resources */ = {
			isa = PBXShellScriptBuildPhase;
			buildActionMask = 2147483647;
			files = (
			);
			inputPaths = (
			);
			name = "[CP] Copy Pods Resources";
			outputPaths = (
			);
			runOnlyForDeploymentPostprocessing = 0;
			shellPath = /bin/sh;
			shellScript = "\"${SRCROOT}/Pods/Target Support Files/Pods-DH5RTCTests/Pods-DH5RTCTests-resources.sh\"\n";
			showEnvVarsInLog = 0;
		};
		61C41A5A95F6A7483F728CFD /* [CP] Embed Pods Frameworks */ = {
			isa = PBXShellScriptBuildPhase;
			buildActionMask = 2147483647;
			files = (
			);
			inputPaths = (
			);
			name = "[CP] Embed Pods Frameworks";
			outputPaths = (
			);
			runOnlyForDeploymentPostprocessing = 0;
			shellPath = /bin/sh;
			shellScript = "\"${SRCROOT}/Pods/Target Support Files/Pods-DH5RTCTests/Pods-DH5RTCTests-frameworks.sh\"\n";
			showEnvVarsInLog = 0;
		};
		93F1FEEC87292159D595B219 /* [CP] Copy Pods Resources */ = {
			isa = PBXShellScriptBuildPhase;
			buildActionMask = 2147483647;
			files = (
			);
			inputPaths = (
			);
			name = "[CP] Copy Pods Resources";
			outputPaths = (
			);
			runOnlyForDeploymentPostprocessing = 0;
			shellPath = /bin/sh;
			shellScript = "\"${SRCROOT}/Pods/Target Support Files/Pods-DH5RTC/Pods-DH5RTC-resources.sh\"\n";
			showEnvVarsInLog = 0;
		};
		A6EF89B322A2A5EAA08997D3 /* [CP] Check Pods Manifest.lock */ = {
			isa = PBXShellScriptBuildPhase;
			buildActionMask = 2147483647;
			files = (
			);
			inputPaths = (
				"${PODS_PODFILE_DIR_PATH}/Podfile.lock",
				"${PODS_ROOT}/Manifest.lock",
			);
			name = "[CP] Check Pods Manifest.lock";
			outputPaths = (
				"$(DERIVED_FILE_DIR)/Pods-DH5RTCUITests-checkManifestLockResult.txt",
			);
			runOnlyForDeploymentPostprocessing = 0;
			shellPath = /bin/sh;
			shellScript = "diff \"${PODS_PODFILE_DIR_PATH}/Podfile.lock\" \"${PODS_ROOT}/Manifest.lock\" > /dev/null\nif [ $? != 0 ] ; then\n    # print error to STDERR\n    echo \"error: The sandbox is not in sync with the Podfile.lock. Run 'pod install' or update your CocoaPods installation.\" >&2\n    exit 1\nfi\n# This output is used by Xcode 'outputs' to avoid re-running this script phase.\necho \"SUCCESS\" > \"${SCRIPT_OUTPUT_FILE_0}\"\n";
			showEnvVarsInLog = 0;
		};
		F4AEB025DF87FFD968C75BC6 /* [CP] Check Pods Manifest.lock */ = {
			isa = PBXShellScriptBuildPhase;
			buildActionMask = 2147483647;
			files = (
			);
			inputPaths = (
				"${PODS_PODFILE_DIR_PATH}/Podfile.lock",
				"${PODS_ROOT}/Manifest.lock",
			);
			name = "[CP] Check Pods Manifest.lock";
			outputPaths = (
				"$(DERIVED_FILE_DIR)/Pods-DH5RTCTests-checkManifestLockResult.txt",
			);
			runOnlyForDeploymentPostprocessing = 0;
			shellPath = /bin/sh;
			shellScript = "diff \"${PODS_PODFILE_DIR_PATH}/Podfile.lock\" \"${PODS_ROOT}/Manifest.lock\" > /dev/null\nif [ $? != 0 ] ; then\n    # print error to STDERR\n    echo \"error: The sandbox is not in sync with the Podfile.lock. Run 'pod install' or update your CocoaPods installation.\" >&2\n    exit 1\nfi\n# This output is used by Xcode 'outputs' to avoid re-running this script phase.\necho \"SUCCESS\" > \"${SCRIPT_OUTPUT_FILE_0}\"\n";
			showEnvVarsInLog = 0;
		};
		F80B178B86FAC0A3B43CB3D6 /* [CP] Copy Pods Resources */ = {
			isa = PBXShellScriptBuildPhase;
			buildActionMask = 2147483647;
			files = (
			);
			inputPaths = (
			);
			name = "[CP] Copy Pods Resources";
			outputPaths = (
			);
			runOnlyForDeploymentPostprocessing = 0;
			shellPath = /bin/sh;
			shellScript = "\"${SRCROOT}/Pods/Target Support Files/Pods-DH5RTCUITests/Pods-DH5RTCUITests-resources.sh\"\n";
			showEnvVarsInLog = 0;
		};
/* End PBXShellScriptBuildPhase section */

/* Begin PBXSourcesBuildPhase section */
		B576D6771F8D3B0000D7CBB8 /* Sources */ = {
			isa = PBXSourcesBuildPhase;
			buildActionMask = 2147483647;
			files = (
				B576D6811F8D3B0000D7CBB8 /* ViewController.swift in Sources */,
				B576D67F1F8D3B0000D7CBB8 /* AppDelegate.swift in Sources */,
			);
			runOnlyForDeploymentPostprocessing = 0;
		};
		B576D68B1F8D3B0000D7CBB8 /* Sources */ = {
			isa = PBXSourcesBuildPhase;
			buildActionMask = 2147483647;
			files = (
				B576D6941F8D3B0000D7CBB8 /* DH5RTCTests.swift in Sources */,
			);
			runOnlyForDeploymentPostprocessing = 0;
		};
		B576D6961F8D3B0000D7CBB8 /* Sources */ = {
			isa = PBXSourcesBuildPhase;
			buildActionMask = 2147483647;
			files = (
				B576D69F1F8D3B0000D7CBB8 /* DH5RTCUITests.swift in Sources */,
			);
			runOnlyForDeploymentPostprocessing = 0;
		};
/* End PBXSourcesBuildPhase section */

/* Begin PBXTargetDependency section */
		B576D6911F8D3B0000D7CBB8 /* PBXTargetDependency */ = {
			isa = PBXTargetDependency;
			target = B576D67A1F8D3B0000D7CBB8 /* DH5RTC */;
			targetProxy = B576D6901F8D3B0000D7CBB8 /* PBXContainerItemProxy */;
		};
		B576D69C1F8D3B0000D7CBB8 /* PBXTargetDependency */ = {
			isa = PBXTargetDependency;
			target = B576D67A1F8D3B0000D7CBB8 /* DH5RTC */;
			targetProxy = B576D69B1F8D3B0000D7CBB8 /* PBXContainerItemProxy */;
		};
/* End PBXTargetDependency section */

/* Begin PBXVariantGroup section */
		B576D6821F8D3B0000D7CBB8 /* Main.storyboard */ = {
			isa = PBXVariantGroup;
			children = (
				B576D6831F8D3B0000D7CBB8 /* Base */,
			);
			name = Main.storyboard;
			sourceTree = "<group>";
		};
		B576D6871F8D3B0000D7CBB8 /* LaunchScreen.storyboard */ = {
			isa = PBXVariantGroup;
			children = (
				B576D6881F8D3B0000D7CBB8 /* Base */,
			);
			name = LaunchScreen.storyboard;
			sourceTree = "<group>";
		};
/* End PBXVariantGroup section */

/* Begin XCBuildConfiguration section */
		B576D6A11F8D3B0000D7CBB8 /* Debug */ = {
			isa = XCBuildConfiguration;
			buildSettings = {
				ALWAYS_SEARCH_USER_PATHS = NO;
				CLANG_ANALYZER_NONNULL = YES;
				CLANG_ANALYZER_NUMBER_OBJECT_CONVERSION = YES_AGGRESSIVE;
				CLANG_CXX_LANGUAGE_STANDARD = "gnu++14";
				CLANG_CXX_LIBRARY = "libc++";
				CLANG_ENABLE_MODULES = YES;
				CLANG_ENABLE_OBJC_ARC = YES;
				CLANG_WARN_BLOCK_CAPTURE_AUTORELEASING = YES;
				CLANG_WARN_BOOL_CONVERSION = YES;
				CLANG_WARN_COMMA = YES;
				CLANG_WARN_CONSTANT_CONVERSION = YES;
				CLANG_WARN_DIRECT_OBJC_ISA_USAGE = YES_ERROR;
				CLANG_WARN_DOCUMENTATION_COMMENTS = YES;
				CLANG_WARN_EMPTY_BODY = YES;
				CLANG_WARN_ENUM_CONVERSION = YES;
				CLANG_WARN_INFINITE_RECURSION = YES;
				CLANG_WARN_INT_CONVERSION = YES;
				CLANG_WARN_NON_LITERAL_NULL_CONVERSION = YES;
				CLANG_WARN_OBJC_LITERAL_CONVERSION = YES;
				CLANG_WARN_OBJC_ROOT_CLASS = YES_ERROR;
				CLANG_WARN_RANGE_LOOP_ANALYSIS = YES;
				CLANG_WARN_STRICT_PROTOTYPES = YES;
				CLANG_WARN_SUSPICIOUS_MOVE = YES;
				CLANG_WARN_UNGUARDED_AVAILABILITY = YES_AGGRESSIVE;
				CLANG_WARN_UNREACHABLE_CODE = YES;
				CLANG_WARN__DUPLICATE_METHOD_MATCH = YES;
				CODE_SIGN_IDENTITY = "iPhone Developer";
				COPY_PHASE_STRIP = NO;
				DEBUG_INFORMATION_FORMAT = dwarf;
				ENABLE_STRICT_OBJC_MSGSEND = YES;
				ENABLE_TESTABILITY = YES;
				GCC_C_LANGUAGE_STANDARD = gnu11;
				GCC_DYNAMIC_NO_PIC = NO;
				GCC_NO_COMMON_BLOCKS = YES;
				GCC_OPTIMIZATION_LEVEL = 0;
				GCC_PREPROCESSOR_DEFINITIONS = (
					"DEBUG=1",
					"$(inherited)",
				);
				GCC_WARN_64_TO_32_BIT_CONVERSION = YES;
				GCC_WARN_ABOUT_RETURN_TYPE = YES_ERROR;
				GCC_WARN_UNDECLARED_SELECTOR = YES;
				GCC_WARN_UNINITIALIZED_AUTOS = YES_AGGRESSIVE;
				GCC_WARN_UNUSED_FUNCTION = YES;
				GCC_WARN_UNUSED_VARIABLE = YES;
				IPHONEOS_DEPLOYMENT_TARGET = 11.0;
				MTL_ENABLE_DEBUG_INFO = YES;
				ONLY_ACTIVE_ARCH = YES;
				SDKROOT = iphoneos;
				SWIFT_ACTIVE_COMPILATION_CONDITIONS = DEBUG;
				SWIFT_OPTIMIZATION_LEVEL = "-Onone";
			};
			name = Debug;
		};
		B576D6A21F8D3B0000D7CBB8 /* Release */ = {
			isa = XCBuildConfiguration;
			buildSettings = {
				ALWAYS_SEARCH_USER_PATHS = NO;
				CLANG_ANALYZER_NONNULL = YES;
				CLANG_ANALYZER_NUMBER_OBJECT_CONVERSION = YES_AGGRESSIVE;
				CLANG_CXX_LANGUAGE_STANDARD = "gnu++14";
				CLANG_CXX_LIBRARY = "libc++";
				CLANG_ENABLE_MODULES = YES;
				CLANG_ENABLE_OBJC_ARC = YES;
				CLANG_WARN_BLOCK_CAPTURE_AUTORELEASING = YES;
				CLANG_WARN_BOOL_CONVERSION = YES;
				CLANG_WARN_COMMA = YES;
				CLANG_WARN_CONSTANT_CONVERSION = YES;
				CLANG_WARN_DIRECT_OBJC_ISA_USAGE = YES_ERROR;
				CLANG_WARN_DOCUMENTATION_COMMENTS = YES;
				CLANG_WARN_EMPTY_BODY = YES;
				CLANG_WARN_ENUM_CONVERSION = YES;
				CLANG_WARN_INFINITE_RECURSION = YES;
				CLANG_WARN_INT_CONVERSION = YES;
				CLANG_WARN_NON_LITERAL_NULL_CONVERSION = YES;
				CLANG_WARN_OBJC_LITERAL_CONVERSION = YES;
				CLANG_WARN_OBJC_ROOT_CLASS = YES_ERROR;
				CLANG_WARN_RANGE_LOOP_ANALYSIS = YES;
				CLANG_WARN_STRICT_PROTOTYPES = YES;
				CLANG_WARN_SUSPICIOUS_MOVE = YES;
				CLANG_WARN_UNGUARDED_AVAILABILITY = YES_AGGRESSIVE;
				CLANG_WARN_UNREACHABLE_CODE = YES;
				CLANG_WARN__DUPLICATE_METHOD_MATCH = YES;
				CODE_SIGN_IDENTITY = "iPhone Developer";
				COPY_PHASE_STRIP = NO;
				DEBUG_INFORMATION_FORMAT = "dwarf-with-dsym";
				ENABLE_NS_ASSERTIONS = NO;
				ENABLE_STRICT_OBJC_MSGSEND = YES;
				GCC_C_LANGUAGE_STANDARD = gnu11;
				GCC_NO_COMMON_BLOCKS = YES;
				GCC_WARN_64_TO_32_BIT_CONVERSION = YES;
				GCC_WARN_ABOUT_RETURN_TYPE = YES_ERROR;
				GCC_WARN_UNDECLARED_SELECTOR = YES;
				GCC_WARN_UNINITIALIZED_AUTOS = YES_AGGRESSIVE;
				GCC_WARN_UNUSED_FUNCTION = YES;
				GCC_WARN_UNUSED_VARIABLE = YES;
				IPHONEOS_DEPLOYMENT_TARGET = 11.0;
				MTL_ENABLE_DEBUG_INFO = NO;
				SDKROOT = iphoneos;
				SWIFT_OPTIMIZATION_LEVEL = "-Owholemodule";
				VALIDATE_PRODUCT = YES;
			};
			name = Release;
		};
		B576D6A41F8D3B0000D7CBB8 /* Debug */ = {
			isa = XCBuildConfiguration;
			baseConfigurationReference = A5179C506430B485DC0BCDE7 /* Pods-DH5RTC.debug.xcconfig */;
			buildSettings = {
				ASSETCATALOG_COMPILER_APPICON_NAME = AppIcon;
				CODE_SIGN_STYLE = Automatic;
				DEVELOPMENT_TEAM = E2H56ZH88M;
				INFOPLIST_FILE = DH5RTC/Info.plist;
				LD_RUNPATH_SEARCH_PATHS = "$(inherited) @executable_path/Frameworks";
				PRODUCT_BUNDLE_IDENTIFIER = dsaf.DH5RTC;
				PRODUCT_NAME = "$(TARGET_NAME)";
				SWIFT_VERSION = 4.0;
				TARGETED_DEVICE_FAMILY = "1,2";
			};
			name = Debug;
		};
		B576D6A51F8D3B0000D7CBB8 /* Release */ = {
			isa = XCBuildConfiguration;
			baseConfigurationReference = ABED2619C3363BF3EDFF0B7D /* Pods-DH5RTC.release.xcconfig */;
			buildSettings = {
				ASSETCATALOG_COMPILER_APPICON_NAME = AppIcon;
				CODE_SIGN_STYLE = Automatic;
				DEVELOPMENT_TEAM = E2H56ZH88M;
				INFOPLIST_FILE = DH5RTC/Info.plist;
				LD_RUNPATH_SEARCH_PATHS = "$(inherited) @executable_path/Frameworks";
				PRODUCT_BUNDLE_IDENTIFIER = dsaf.DH5RTC;
				PRODUCT_NAME = "$(TARGET_NAME)";
				SWIFT_VERSION = 4.0;
				TARGETED_DEVICE_FAMILY = "1,2";
			};
			name = Release;
		};
		B576D6A71F8D3B0000D7CBB8 /* Debug */ = {
			isa = XCBuildConfiguration;
			baseConfigurationReference = FD7F5A1AA750C1C4AFBFF416 /* Pods-DH5RTCTests.debug.xcconfig */;
			buildSettings = {
				ALWAYS_EMBED_SWIFT_STANDARD_LIBRARIES = YES;
				BUNDLE_LOADER = "$(TEST_HOST)";
				CODE_SIGN_STYLE = Automatic;
				DEVELOPMENT_TEAM = E2H56ZH88M;
				INFOPLIST_FILE = DH5RTCTests/Info.plist;
				LD_RUNPATH_SEARCH_PATHS = "$(inherited) @executable_path/Frameworks @loader_path/Frameworks";
				PRODUCT_BUNDLE_IDENTIFIER = dsaf.DH5RTCTests;
				PRODUCT_NAME = "$(TARGET_NAME)";
				SWIFT_VERSION = 4.0;
				TARGETED_DEVICE_FAMILY = "1,2";
				TEST_HOST = "$(BUILT_PRODUCTS_DIR)/DH5RTC.app/DH5RTC";
			};
			name = Debug;
		};
		B576D6A81F8D3B0000D7CBB8 /* Release */ = {
			isa = XCBuildConfiguration;
			baseConfigurationReference = A6F91D073DA5CC753BB21C68 /* Pods-DH5RTCTests.release.xcconfig */;
			buildSettings = {
				ALWAYS_EMBED_SWIFT_STANDARD_LIBRARIES = YES;
				BUNDLE_LOADER = "$(TEST_HOST)";
				CODE_SIGN_STYLE = Automatic;
				DEVELOPMENT_TEAM = E2H56ZH88M;
				INFOPLIST_FILE = DH5RTCTests/Info.plist;
				LD_RUNPATH_SEARCH_PATHS = "$(inherited) @executable_path/Frameworks @loader_path/Frameworks";
				PRODUCT_BUNDLE_IDENTIFIER = dsaf.DH5RTCTests;
				PRODUCT_NAME = "$(TARGET_NAME)";
				SWIFT_VERSION = 4.0;
				TARGETED_DEVICE_FAMILY = "1,2";
				TEST_HOST = "$(BUILT_PRODUCTS_DIR)/DH5RTC.app/DH5RTC";
			};
			name = Release;
		};
		B576D6AA1F8D3B0000D7CBB8 /* Debug */ = {
			isa = XCBuildConfiguration;
			baseConfigurationReference = B04587789A532D296AADF54B /* Pods-DH5RTCUITests.debug.xcconfig */;
			buildSettings = {
				ALWAYS_EMBED_SWIFT_STANDARD_LIBRARIES = YES;
				CODE_SIGN_STYLE = Automatic;
				DEVELOPMENT_TEAM = E2H56ZH88M;
				INFOPLIST_FILE = DH5RTCUITests/Info.plist;
				LD_RUNPATH_SEARCH_PATHS = "$(inherited) @executable_path/Frameworks @loader_path/Frameworks";
				PRODUCT_BUNDLE_IDENTIFIER = dsaf.DH5RTCUITests;
				PRODUCT_NAME = "$(TARGET_NAME)";
				SWIFT_VERSION = 4.0;
				TARGETED_DEVICE_FAMILY = "1,2";
				TEST_TARGET_NAME = DH5RTC;
			};
			name = Debug;
		};
		B576D6AB1F8D3B0000D7CBB8 /* Release */ = {
			isa = XCBuildConfiguration;
			baseConfigurationReference = 3CC8E28AD0960201FE06B901 /* Pods-DH5RTCUITests.release.xcconfig */;
			buildSettings = {
				ALWAYS_EMBED_SWIFT_STANDARD_LIBRARIES = YES;
				CODE_SIGN_STYLE = Automatic;
				DEVELOPMENT_TEAM = E2H56ZH88M;
				INFOPLIST_FILE = DH5RTCUITests/Info.plist;
				LD_RUNPATH_SEARCH_PATHS = "$(inherited) @executable_path/Frameworks @loader_path/Frameworks";
				PRODUCT_BUNDLE_IDENTIFIER = dsaf.DH5RTCUITests;
				PRODUCT_NAME = "$(TARGET_NAME)";
				SWIFT_VERSION = 4.0;
				TARGETED_DEVICE_FAMILY = "1,2";
				TEST_TARGET_NAME = DH5RTC;
			};
			name = Release;
		};
/* End XCBuildConfiguration section */

/* Begin XCConfigurationList section */
		B576D6761F8D3B0000D7CBB8 /* Build configuration list for PBXProject "DH5RTC" */ = {
			isa = XCConfigurationList;
			buildConfigurations = (
				B576D6A11F8D3B0000D7CBB8 /* Debug */,
				B576D6A21F8D3B0000D7CBB8 /* Release */,
			);
			defaultConfigurationIsVisible = 0;
			defaultConfigurationName = Release;
		};
		B576D6A31F8D3B0000D7CBB8 /* Build configuration list for PBXNativeTarget "DH5RTC" */ = {
			isa = XCConfigurationList;
			buildConfigurations = (
				B576D6A41F8D3B0000D7CBB8 /* Debug */,
				B576D6A51F8D3B0000D7CBB8 /* Release */,
			);
			defaultConfigurationIsVisible = 0;
			defaultConfigurationName = Release;
		};
		B576D6A61F8D3B0000D7CBB8 /* Build configuration list for PBXNativeTarget "DH5RTCTests" */ = {
			isa = XCConfigurationList;
			buildConfigurations = (
				B576D6A71F8D3B0000D7CBB8 /* Debug */,
				B576D6A81F8D3B0000D7CBB8 /* Release */,
			);
			defaultConfigurationIsVisible = 0;
			defaultConfigurationName = Release;
		};
		B576D6A91F8D3B0000D7CBB8 /* Build configuration list for PBXNativeTarget "DH5RTCUITests" */ = {
			isa = XCConfigurationList;
			buildConfigurations = (
				B576D6AA1F8D3B0000D7CBB8 /* Debug */,
				B576D6AB1F8D3B0000D7CBB8 /* Release */,
			);
			defaultConfigurationIsVisible = 0;
			defaultConfigurationName = Release;
		};
/* End XCConfigurationList section */
	};
	rootObject = B576D6731F8D3B0000D7CBB8 /* Project object */;
}
